
Microsoft Visual Studio Solution File, Format Version 12.00
# Visual Studio 15
VisualStudioVersion = 15.0.28010.2016
MinimumVisualStudioVersion = 10.0.40219.1
Project("{FAE04EC0-301F-11D3-BF4B-00C04F79EFBC}") = "Opdracht_1.2", "Opdracht_1.2\Opdracht_1.2.csproj", "{1EA01040-82F0-4977-BB8D-82822D1E5AAF}"
EndProject
Global
	GlobalSection(SolutionConfigurationPlatforms) = preSolution
		Debug|Any CPU = Debug|Any CPU
		Release|Any CPU = Release|Any CPU
	EndGlobalSection
	GlobalSection(ProjectConfigurationPlatforms) = postSolution
		{1EA01040-82F0-4977-BB8D-82822D1E5AAF}.Debug|Any CPU.ActiveCfg = Debug|Any CPU
		{1EA01040-82F0-4977-BB8D-82822D1E5AAF}.Debug|Any CPU.Build.0 = Debug|Any CPU
		{1EA01040-82F0-4977-BB8D-82822D1E5AAF}.Release|Any CPU.ActiveCfg = Release|Any CPU
		{1EA01040-82F0-4977-BB8D-82822D1E5AAF}.Release|Any CPU.Build.0 = Release|Any CPU
	EndGlobalSection
	GlobalSection(SolutionProperties) = preSolution
		HideSolutionNode = FALSE
	EndGlobalSection
	GlobalSection(ExtensibilityGlobals) = postSolution
		SolutionGuid = {FDD708F7-FB49-4574-8504-75F217B516CE}
	EndGlobalSection
EndGlobal
