
Microsoft Visual Studio Solution File, Format Version 12.00
# Visual Studio 15
VisualStudioVersion = 15.0.28307.438
MinimumVisualStudioVersion = 10.0.40219.1
Project("{FAE04EC0-301F-11D3-BF4B-00C04F79EFBC}") = "Opdracht2.3", "Opdracht2.3\Opdracht2.3.csproj", "{ED2AFBA2-D429-45C8-84F6-83E78289B097}"
EndProject
Global
	GlobalSection(SolutionConfigurationPlatforms) = preSolution
		Debug|Any CPU = Debug|Any CPU
		Release|Any CPU = Release|Any CPU
	EndGlobalSection
	GlobalSection(ProjectConfigurationPlatforms) = postSolution
		{ED2AFBA2-D429-45C8-84F6-83E78289B097}.Debug|Any CPU.ActiveCfg = Debug|Any CPU
		{ED2AFBA2-D429-45C8-84F6-83E78289B097}.Debug|Any CPU.Build.0 = Debug|Any CPU
		{ED2AFBA2-D429-45C8-84F6-83E78289B097}.Release|Any CPU.ActiveCfg = Release|Any CPU
		{ED2AFBA2-D429-45C8-84F6-83E78289B097}.Release|Any CPU.Build.0 = Release|Any CPU
	EndGlobalSection
	GlobalSection(SolutionProperties) = preSolution
		HideSolutionNode = FALSE
	EndGlobalSection
	GlobalSection(ExtensibilityGlobals) = postSolution
		SolutionGuid = {05E02F94-05C2-4EE5-B784-11B05EBD94EA}
	EndGlobalSection
EndGlobal
