
Microsoft Visual Studio Solution File, Format Version 12.00
# Visual Studio 15
VisualStudioVersion = 15.0.28010.2016
MinimumVisualStudioVersion = 10.0.40219.1
Project("{FAE04EC0-301F-11D3-BF4B-00C04F79EFBC}") = "opdrachten_2.2_sprint_1", "opdrachten_2.2_sprint_1\opdrachten_2.2_sprint_1.csproj", "{9663691A-E064-4957-86E1-F25478ABD055}"
EndProject
Global
	GlobalSection(SolutionConfigurationPlatforms) = preSolution
		Debug|Any CPU = Debug|Any CPU
		Release|Any CPU = Release|Any CPU
	EndGlobalSection
	GlobalSection(ProjectConfigurationPlatforms) = postSolution
		{9663691A-E064-4957-86E1-F25478ABD055}.Debug|Any CPU.ActiveCfg = Debug|Any CPU
		{9663691A-E064-4957-86E1-F25478ABD055}.Debug|Any CPU.Build.0 = Debug|Any CPU
		{9663691A-E064-4957-86E1-F25478ABD055}.Release|Any CPU.ActiveCfg = Release|Any CPU
		{9663691A-E064-4957-86E1-F25478ABD055}.Release|Any CPU.Build.0 = Release|Any CPU
	EndGlobalSection
	GlobalSection(SolutionProperties) = preSolution
		HideSolutionNode = FALSE
	EndGlobalSection
	GlobalSection(ExtensibilityGlobals) = postSolution
		SolutionGuid = {9DEFF872-30D3-4743-B4AC-CEA506AE5990}
	EndGlobalSection
EndGlobal
