
Microsoft Visual Studio Solution File, Format Version 12.00
# Visual Studio 15
VisualStudioVersion = 15.0.28010.2016
MinimumVisualStudioVersion = 10.0.40219.1
Project("{FAE04EC0-301F-11D3-BF4B-00C04F79EFBC}") = "Opdracht_3.2", "Opdracht_3.2\Opdracht_3.2.csproj", "{6084911B-7FF5-42D4-A7A3-3250AB19CDDD}"
EndProject
Global
	GlobalSection(SolutionConfigurationPlatforms) = preSolution
		Debug|Any CPU = Debug|Any CPU
		Release|Any CPU = Release|Any CPU
	EndGlobalSection
	GlobalSection(ProjectConfigurationPlatforms) = postSolution
		{6084911B-7FF5-42D4-A7A3-3250AB19CDDD}.Debug|Any CPU.ActiveCfg = Debug|Any CPU
		{6084911B-7FF5-42D4-A7A3-3250AB19CDDD}.Debug|Any CPU.Build.0 = Debug|Any CPU
		{6084911B-7FF5-42D4-A7A3-3250AB19CDDD}.Release|Any CPU.ActiveCfg = Release|Any CPU
		{6084911B-7FF5-42D4-A7A3-3250AB19CDDD}.Release|Any CPU.Build.0 = Release|Any CPU
	EndGlobalSection
	GlobalSection(SolutionProperties) = preSolution
		HideSolutionNode = FALSE
	EndGlobalSection
	GlobalSection(ExtensibilityGlobals) = postSolution
		SolutionGuid = {EABD94C3-1233-40AF-AD16-70C72CD40114}
	EndGlobalSection
EndGlobal
