
Microsoft Visual Studio Solution File, Format Version 12.00
# Visual Studio 15
VisualStudioVersion = 15.0.28307.438
MinimumVisualStudioVersion = 10.0.40219.1
Project("{FAE04EC0-301F-11D3-BF4B-00C04F79EFBC}") = "Opdracht2.5", "Opdracht2.5\Opdracht2.5.csproj", "{194CD50E-DCE4-4156-93F3-815F91B82D8A}"
EndProject
Global
	GlobalSection(SolutionConfigurationPlatforms) = preSolution
		Debug|Any CPU = Debug|Any CPU
		Release|Any CPU = Release|Any CPU
	EndGlobalSection
	GlobalSection(ProjectConfigurationPlatforms) = postSolution
		{194CD50E-DCE4-4156-93F3-815F91B82D8A}.Debug|Any CPU.ActiveCfg = Debug|Any CPU
		{194CD50E-DCE4-4156-93F3-815F91B82D8A}.Debug|Any CPU.Build.0 = Debug|Any CPU
		{194CD50E-DCE4-4156-93F3-815F91B82D8A}.Release|Any CPU.ActiveCfg = Release|Any CPU
		{194CD50E-DCE4-4156-93F3-815F91B82D8A}.Release|Any CPU.Build.0 = Release|Any CPU
	EndGlobalSection
	GlobalSection(SolutionProperties) = preSolution
		HideSolutionNode = FALSE
	EndGlobalSection
	GlobalSection(ExtensibilityGlobals) = postSolution
		SolutionGuid = {980BC764-9E91-4C57-B0F8-33E85B8D9221}
	EndGlobalSection
EndGlobal
